// !$*UTF8*$!
{
	archiveVersion = 1;
	classes = {
	};
	objectVersion = 46;
	objects = {

/* Begin PBXBuildFile section */
		013A8F9E1E4BC2BE00378638 /* main.m in Sources */ = {isa = PBXBuildFile; fileRef = 013A8F9D1E4BC2BE00378638 /* main.m */; };
		013A8FA11E4BC2BE00378638 /* AppDelegate.m in Sources */ = {isa = PBXBuildFile; fileRef = 013A8FA01E4BC2BE00378638 /* AppDelegate.m */; };
		013A8FA41E4BC2BE00378638 /* ViewController.m in Sources */ = {isa = PBXBuildFile; fileRef = 013A8FA31E4BC2BE00378638 /* ViewController.m */; };
		013A8FA71E4BC2BE00378638 /* Main.storyboard in Resources */ = {isa = PBXBuildFile; fileRef = 013A8FA51E4BC2BE00378638 /* Main.storyboard */; };
		013A8FA91E4BC2BE00378638 /* Assets.xcassets in Resources */ = {isa = PBXBuildFile; fileRef = 013A8FA81E4BC2BE00378638 /* Assets.xcassets */; };
		013A8FAC1E4BC2BE00378638 /* LaunchScreen.storyboard in Resources */ = {isa = PBXBuildFile; fileRef = 013A8FAA1E4BC2BE00378638 /* LaunchScreen.storyboard */; };
		013A8FB71E4BC2BE00378638 /* HideObjectTests.m in Sources */ = {isa = PBXBuildFile; fileRef = 013A8FB61E4BC2BE00378638 /* HideObjectTests.m */; };
		013A8FC21E4BC2BF00378638 /* HideObjectUITests.m in Sources */ = {isa = PBXBuildFile; fileRef = 013A8FC11E4BC2BF00378638 /* HideObjectUITests.m */; };
/* End PBXBuildFile section */

/* Begin PBXContainerItemProxy section */
		013A8FB31E4BC2BE00378638 /* PBXContainerItemProxy */ = {
			isa = PBXContainerItemProxy;
			containerPortal = 013A8F911E4BC2BE00378638 /* Project object */;
			proxyType = 1;
			remoteGlobalIDString = 013A8F981E4BC2BE00378638;
			remoteInfo = HideObject;
		};
		013A8FBE1E4BC2BF00378638 /* PBXContainerItemProxy */ = {
			isa = PBXContainerItemProxy;
			containerPortal = 013A8F911E4BC2BE00378638 /* Project object */;
			proxyType = 1;
			remoteGlobalIDString = 013A8F981E4BC2BE00378638;
			remoteInfo = HideObject;
		};
/* End PBXContainerItemProxy section */

/* Begin PBXFileReference section */
		013A8F991E4BC2BE00378638 /* HideObject.app */ = {isa = PBXFileReference; explicitFileType = wrapper.application; includeInIndex = 0; path = HideObject.app; sourceTree = BUILT_PRODUCTS_DIR; };
		013A8F9D1E4BC2BE00378638 /* main.m */ = {isa = PBXFileReference; lastKnownFileType = sourcecode.c.objc; path = main.m; sourceTree = "<group>"; };
		013A8F9F1E4BC2BE00378638 /* AppDelegate.h */ = {isa = PBXFileReference; lastKnownFileType = sourcecode.c.h; path = AppDelegate.h; sourceTree = "<group>"; };
		013A8FA01E4BC2BE00378638 /* AppDelegate.m */ = {isa = PBXFileReference; lastKnownFileType = sourcecode.c.objc; path = AppDelegate.m; sourceTree = "<group>"; };
		013A8FA21E4BC2BE00378638 /* ViewController.h */ = {isa = PBXFileReference; lastKnownFileType = sourcecode.c.h; path = ViewController.h; sourceTree = "<group>"; };
		013A8FA31E4BC2BE00378638 /* ViewController.m */ = {isa = PBXFileReference; lastKnownFileType = sourcecode.c.objc; path = ViewController.m; sourceTree = "<group>"; };
		013A8FA61E4BC2BE00378638 /* Base */ = {isa = PBXFileReference; lastKnownFileType = file.storyboard; name = Base; path = Base.lproj/Main.storyboard; sourceTree = "<group>"; };
		013A8FA81E4BC2BE00378638 /* Assets.xcassets */ = {isa = PBXFileReference; lastKnownFileType = folder.assetcatalog; path = Assets.xcassets; sourceTree = "<group>"; };
		013A8FAB1E4BC2BE00378638 /* Base */ = {isa = PBXFileReference; lastKnownFileType = file.storyboard; name = Base; path = Base.lproj/LaunchScreen.storyboard; sourceTree = "<group>"; };
		013A8FAD1E4BC2BE00378638 /* Info.plist */ = {isa = PBXFileReference; lastKnownFileType = text.plist.xml; path = Info.plist; sourceTree = "<group>"; };
		013A8FB21E4BC2BE00378638 /* HideObjectTests.xctest */ = {isa = PBXFileReference; explicitFileType = wrapper.cfbundle; includeInIndex = 0; path = HideObjectTests.xctest; sourceTree = BUILT_PRODUCTS_DIR; };
		013A8FB61E4BC2BE00378638 /* HideObjectTests.m */ = {isa = PBXFileReference; lastKnownFileType = sourcecode.c.objc; path = HideObjectTests.m; sourceTree = "<group>"; };
		013A8FB81E4BC2BE00378638 /* Info.plist */ = {isa = PBXFileReference; lastKnownFileType = text.plist.xml; path = Info.plist; sourceTree = "<group>"; };
		013A8FBD1E4BC2BF00378638 /* HideObjectUITests.xctest */ = {isa = PBXFileReference; explicitFileType = wrapper.cfbundle; includeInIndex = 0; path = HideObjectUITests.xctest; sourceTree = BUILT_PRODUCTS_DIR; };
		013A8FC11E4BC2BF00378638 /* HideObjectUITests.m */ = {isa = PBXFileReference; lastKnownFileType = sourcecode.c.objc; path = HideObjectUITests.m; sourceTree = "<group>"; };
		013A8FC31E4BC2BF00378638 /* Info.plist */ = {isa = PBXFileReference; lastKnownFileType = text.plist.xml; path = Info.plist; sourceTree = "<group>"; };
/* End PBXFileReference section */

/* Begin PBXFrameworksBuildPhase section */
		013A8F961E4BC2BE00378638 /* Frameworks */ = {
			isa = PBXFrameworksBuildPhase;
			buildActionMask = 2147483647;
			files = (
			);
			runOnlyForDeploymentPostprocessing = 0;
		};
		013A8FAF1E4BC2BE00378638 /* Frameworks */ = {
			isa = PBXFrameworksBuildPhase;
			buildActionMask = 2147483647;
			files = (
			);
			runOnlyForDeploymentPostprocessing = 0;
		};
		013A8FBA1E4BC2BF00378638 /* Frameworks */ = {
			isa = PBXFrameworksBuildPhase;
			buildActionMask = 2147483647;
			files = (
			);
			runOnlyForDeploymentPostprocessing = 0;
		};
/* End PBXFrameworksBuildPhase section */

/* Begin PBXGroup section */
		013A8F901E4BC2BE00378638 = {
			isa = PBXGroup;
			children = (
				013A8F9B1E4BC2BE00378638 /* HideObject */,
				013A8FB51E4BC2BE00378638 /* HideObjectTests */,
				013A8FC01E4BC2BF00378638 /* HideObjectUITests */,
				013A8F9A1E4BC2BE00378638 /* Products */,
			);
			sourceTree = "<group>";
		};
		013A8F9A1E4BC2BE00378638 /* Products */ = {
			isa = PBXGroup;
			children = (
				013A8F991E4BC2BE00378638 /* HideObject.app */,
				013A8FB21E4BC2BE00378638 /* HideObjectTests.xctest */,
				013A8FBD1E4BC2BF00378638 /* HideObjectUITests.xctest */,
			);
			name = Products;
			sourceTree = "<group>";
		};
		013A8F9B1E4BC2BE00378638 /* HideObject */ = {
			isa = PBXGroup;
			children = (
				013A8F9F1E4BC2BE00378638 /* AppDelegate.h */,
				013A8FA01E4BC2BE00378638 /* AppDelegate.m */,
				013A8FA21E4BC2BE00378638 /* ViewController.h */,
				013A8FA31E4BC2BE00378638 /* ViewController.m */,
				013A8FA51E4BC2BE00378638 /* Main.storyboard */,
				013A8FA81E4BC2BE00378638 /* Assets.xcassets */,
				013A8FAA1E4BC2BE00378638 /* LaunchScreen.storyboard */,
				013A8FAD1E4BC2BE00378638 /* Info.plist */,
				013A8F9C1E4BC2BE00378638 /* Supporting Files */,
			);
			path = HideObject;
			sourceTree = "<group>";
		};
		013A8F9C1E4BC2BE00378638 /* Supporting Files */ = {
			isa = PBXGroup;
			children = (
				013A8F9D1E4BC2BE00378638 /* main.m */,
			);
			name = "Supporting Files";
			sourceTree = "<group>";
		};
		013A8FB51E4BC2BE00378638 /* HideObjectTests */ = {
			isa = PBXGroup;
			children = (
				013A8FB61E4BC2BE00378638 /* HideObjectTests.m */,
				013A8FB81E4BC2BE00378638 /* Info.plist */,
			);
			path = HideObjectTests;
			sourceTree = "<group>";
		};
		013A8FC01E4BC2BF00378638 /* HideObjectUITests */ = {
			isa = PBXGroup;
			children = (
				013A8FC11E4BC2BF00378638 /* HideObjectUITests.m */,
				013A8FC31E4BC2BF00378638 /* Info.plist */,
			);
			path = HideObjectUITests;
			sourceTree = "<group>";
		};
/* End PBXGroup section */

/* Begin PBXNativeTarget section */
		013A8F981E4BC2BE00378638 /* HideObject */ = {
			isa = PBXNativeTarget;
			buildConfigurationList = 013A8FC61E4BC2BF00378638 /* Build configuration list for PBXNativeTarget "HideObject" */;
			buildPhases = (
				013A8F951E4BC2BE00378638 /* Sources */,
				013A8F961E4BC2BE00378638 /* Frameworks */,
				013A8F971E4BC2BE00378638 /* Resources */,
			);
			buildRules = (
			);
			dependencies = (
			);
			name = HideObject;
			productName = HideObject;
			productReference = 013A8F991E4BC2BE00378638 /* HideObject.app */;
			productType = "com.apple.product-type.application";
		};
		013A8FB11E4BC2BE00378638 /* HideObjectTests */ = {
			isa = PBXNativeTarget;
			buildConfigurationList = 013A8FC91E4BC2BF00378638 /* Build configuration list for PBXNativeTarget "HideObjectTests" */;
			buildPhases = (
				013A8FAE1E4BC2BE00378638 /* Sources */,
				013A8FAF1E4BC2BE00378638 /* Frameworks */,
				013A8FB01E4BC2BE00378638 /* Resources */,
			);
			buildRules = (
			);
			dependencies = (
				013A8FB41E4BC2BE00378638 /* PBXTargetDependency */,
			);
			name = HideObjectTests;
			productName = HideObjectTests;
			productReference = 013A8FB21E4BC2BE00378638 /* HideObjectTests.xctest */;
			productType = "com.apple.product-type.bundle.unit-test";
		};
		013A8FBC1E4BC2BF00378638 /* HideObjectUITests */ = {
			isa = PBXNativeTarget;
			buildConfigurationList = 013A8FCC1E4BC2BF00378638 /* Build configuration list for PBXNativeTarget "HideObjectUITests" */;
			buildPhases = (
				013A8FB91E4BC2BF00378638 /* Sources */,
				013A8FBA1E4BC2BF00378638 /* Frameworks */,
				013A8FBB1E4BC2BF00378638 /* Resources */,
			);
			buildRules = (
			);
			dependencies = (
				013A8FBF1E4BC2BF00378638 /* PBXTargetDependency */,
			);
			name = HideObjectUITests;
			productName = HideObjectUITests;
			productReference = 013A8FBD1E4BC2BF00378638 /* HideObjectUITests.xctest */;
			productType = "com.apple.product-type.bundle.ui-testing";
		};
/* End PBXNativeTarget section */

/* Begin PBXProject section */
		013A8F911E4BC2BE00378638 /* Project object */ = {
			isa = PBXProject;
			attributes = {
				LastUpgradeCheck = 0820;
				ORGANIZATIONNAME = a;
				TargetAttributes = {
					013A8F981E4BC2BE00378638 = {
						CreatedOnToolsVersion = 8.2.1;
						ProvisioningStyle = Automatic;
					};
					013A8FB11E4BC2BE00378638 = {
						CreatedOnToolsVersion = 8.2.1;
						ProvisioningStyle = Automatic;
						TestTargetID = 013A8F981E4BC2BE00378638;
					};
					013A8FBC1E4BC2BF00378638 = {
						CreatedOnToolsVersion = 8.2.1;
						ProvisioningStyle = Automatic;
						TestTargetID = 013A8F981E4BC2BE00378638;
					};
				};
			};
			buildConfigurationList = 013A8F941E4BC2BE00378638 /* Build configuration list for PBXProject "HideObject" */;
			compatibilityVersion = "Xcode 3.2";
			developmentRegion = English;
			hasScannedForEncodings = 0;
			knownRegions = (
				en,
				Base,
			);
			mainGroup = 013A8F901E4BC2BE00378638;
			productRefGroup = 013A8F9A1E4BC2BE00378638 /* Products */;
			projectDirPath = "";
			projectRoot = "";
			targets = (
				013A8F981E4BC2BE00378638 /* HideObject */,
				013A8FB11E4BC2BE00378638 /* HideObjectTests */,
				013A8FBC1E4BC2BF00378638 /* HideObjectUITests */,
			);
		};
/* End PBXProject section */

/* Begin PBXResourcesBuildPhase section */
		013A8F971E4BC2BE00378638 /* Resources */ = {
			isa = PBXResourcesBuildPhase;
			buildActionMask = 2147483647;
			files = (
				013A8FAC1E4BC2BE00378638 /* LaunchScreen.storyboard in Resources */,
				013A8FA91E4BC2BE00378638 /* Assets.xcassets in Resources */,
				013A8FA71E4BC2BE00378638 /* Main.storyboard in Resources */,
			);
			runOnlyForDeploymentPostprocessing = 0;
		};
		013A8FB01E4BC2BE00378638 /* Resources */ = {
			isa = PBXResourcesBuildPhase;
			buildActionMask = 2147483647;
			files = (
			);
			runOnlyForDeploymentPostprocessing = 0;
		};
		013A8FBB1E4BC2BF00378638 /* Resources */ = {
			isa = PBXResourcesBuildPhase;
			buildActionMask = 2147483647;
			files = (
			);
			runOnlyForDeploymentPostprocessing = 0;
		};
/* End PBXResourcesBuildPhase section */

/* Begin PBXSourcesBuildPhase section */
		013A8F951E4BC2BE00378638 /* Sources */ = {
			isa = PBXSourcesBuildPhase;
			buildActionMask = 2147483647;
			files = (
				013A8FA41E4BC2BE00378638 /* ViewController.m in Sources */,
				013A8FA11E4BC2BE00378638 /* AppDelegate.m in Sources */,
				013A8F9E1E4BC2BE00378638 /* main.m in Sources */,
			);
			runOnlyForDeploymentPostprocessing = 0;
		};
		013A8FAE1E4BC2BE00378638 /* Sources */ = {
			isa = PBXSourcesBuildPhase;
			buildActionMask = 2147483647;
			files = (
				013A8FB71E4BC2BE00378638 /* HideObjectTests.m in Sources */,
			);
			runOnlyForDeploymentPostprocessing = 0;
		};
		013A8FB91E4BC2BF00378638 /* Sources */ = {
			isa = PBXSourcesBuildPhase;
			buildActionMask = 2147483647;
			files = (
				013A8FC21E4BC2BF00378638 /* HideObjectUITests.m in Sources */,
			);
			runOnlyForDeploymentPostprocessing = 0;
		};
/* End PBXSourcesBuildPhase section */

/* Begin PBXTargetDependency section */
		013A8FB41E4BC2BE00378638 /* PBXTargetDependency */ = {
			isa = PBXTargetDependency;
			target = 013A8F981E4BC2BE00378638 /* HideObject */;
			targetProxy = 013A8FB31E4BC2BE00378638 /* PBXContainerItemProxy */;
		};
		013A8FBF1E4BC2BF00378638 /* PBXTargetDependency */ = {
			isa = PBXTargetDependency;
			target = 013A8F981E4BC2BE00378638 /* HideObject */;
			targetProxy = 013A8FBE1E4BC2BF00378638 /* PBXContainerItemProxy */;
		};
/* End PBXTargetDependency section */

/* Begin PBXVariantGroup section */
		013A8FA51E4BC2BE00378638 /* Main.storyboard */ = {
			isa = PBXVariantGroup;
			children = (
				013A8FA61E4BC2BE00378638 /* Base */,
			);
			name = Main.storyboard;
			sourceTree = "<group>";
		};
		013A8FAA1E4BC2BE00378638 /* LaunchScreen.storyboard */ = {
			isa = PBXVariantGroup;
			children = (
				013A8FAB1E4BC2BE00378638 /* Base */,
			);
			name = LaunchScreen.storyboard;
			sourceTree = "<group>";
		};
/* End PBXVariantGroup section */

/* Begin XCBuildConfiguration section */
		013A8FC41E4BC2BF00378638 /* Debug */ = {
			isa = XCBuildConfiguration;
			buildSettings = {
				ALWAYS_SEARCH_USER_PATHS = NO;
				CLANG_ANALYZER_NONNULL = YES;
				CLANG_CXX_LANGUAGE_STANDARD = "gnu++0x";
				CLANG_CXX_LIBRARY = "libc++";
				CLANG_ENABLE_MODULES = YES;
				CLANG_ENABLE_OBJC_ARC = YES;
				CLANG_WARN_BOOL_CONVERSION = YES;
				CLANG_WARN_CONSTANT_CONVERSION = YES;
				CLANG_WARN_DIRECT_OBJC_ISA_USAGE = YES_ERROR;
				CLANG_WARN_DOCUMENTATION_COMMENTS = YES;
				CLANG_WARN_EMPTY_BODY = YES;
				CLANG_WARN_ENUM_CONVERSION = YES;
				CLANG_WARN_INFINITE_RECURSION = YES;
				CLANG_WARN_INT_CONVERSION = YES;
				CLANG_WARN_OBJC_ROOT_CLASS = YES_ERROR;
				CLANG_WARN_SUSPICIOUS_MOVE = YES;
				CLANG_WARN_UNREACHABLE_CODE = YES;
				CLANG_WARN__DUPLICATE_METHOD_MATCH = YES;
				"CODE_SIGN_IDENTITY[sdk=iphoneos*]" = "iPhone Developer";
				COPY_PHASE_STRIP = NO;
				DEBUG_INFORMATION_FORMAT = dwarf;
				ENABLE_STRICT_OBJC_MSGSEND = YES;
				ENABLE_TESTABILITY = YES;
				GCC_C_LANGUAGE_STANDARD = gnu99;
				GCC_DYNAMIC_NO_PIC = NO;
				GCC_NO_COMMON_BLOCKS = YES;
				GCC_OPTIMIZATION_LEVEL = 0;
				GCC_PREPROCESSOR_DEFINITIONS = (
					"DEBUG=1",
					"$(inherited)",
				);
				GCC_WARN_64_TO_32_BIT_CONVERSION = YES;
				GCC_WARN_ABOUT_RETURN_TYPE = YES_ERROR;
				GCC_WARN_UNDECLARED_SELECTOR = YES;
				GCC_WARN_UNINITIALIZED_AUTOS = YES_AGGRESSIVE;
				GCC_WARN_UNUSED_FUNCTION = YES;
				GCC_WARN_UNUSED_VARIABLE = YES;
				IPHONEOS_DEPLOYMENT_TARGET = 10.2;
				MTL_ENABLE_DEBUG_INFO = YES;
				ONLY_ACTIVE_ARCH = YES;
				SDKROOT = iphoneos;
				TARGETED_DEVICE_FAMILY = "1,2";
			};
			name = Debug;
		};
		013A8FC51E4BC2BF00378638 /* Release */ = {
			isa = XCBuildConfiguration;
			buildSettings = {
				ALWAYS_SEARCH_USER_PATHS = NO;
				CLANG_ANALYZER_NONNULL = YES;
				CLANG_CXX_LANGUAGE_STANDARD = "gnu++0x";
				CLANG_CXX_LIBRARY = "libc++";
				CLANG_ENABLE_MODULES = YES;
				CLANG_ENABLE_OBJC_ARC = YES;
				CLANG_WARN_BOOL_CONVERSION = YES;
				CLANG_WARN_CONSTANT_CONVERSION = YES;
				CLANG_WARN_DIRECT_OBJC_ISA_USAGE = YES_ERROR;
				CLANG_WARN_DOCUMENTATION_COMMENTS = YES;
				CLANG_WARN_EMPTY_BODY = YES;
				CLANG_WARN_ENUM_CONVERSION = YES;
				CLANG_WARN_INFINITE_RECURSION = YES;
				CLANG_WARN_INT_CONVERSION = YES;
				CLANG_WARN_OBJC_ROOT_CLASS = YES_ERROR;
				CLANG_WARN_SUSPICIOUS_MOVE = YES;
				CLANG_WARN_UNREACHABLE_CODE = YES;
				CLANG_WARN__DUPLICATE_METHOD_MATCH = YES;
				"CODE_SIGN_IDENTITY[sdk=iphoneos*]" = "iPhone Developer";
				COPY_PHASE_STRIP = NO;
				DEBUG_INFORMATION_FORMAT = "dwarf-with-dsym";
				ENABLE_NS_ASSERTIONS = NO;
				ENABLE_STRICT_OBJC_MSGSEND = YES;
				GCC_C_LANGUAGE_STANDARD = gnu99;
				GCC_NO_COMMON_BLOCKS = YES;
				GCC_WARN_64_TO_32_BIT_CONVERSION = YES;
				GCC_WARN_ABOUT_RETURN_TYPE = YES_ERROR;
				GCC_WARN_UNDECLARED_SELECTOR = YES;
				GCC_WARN_UNINITIALIZED_AUTOS = YES_AGGRESSIVE;
				GCC_WARN_UNUSED_FUNCTION = YES;
				GCC_WARN_UNUSED_VARIABLE = YES;
				IPHONEOS_DEPLOYMENT_TARGET = 10.2;
				MTL_ENABLE_DEBUG_INFO = NO;
				SDKROOT = iphoneos;
				TARGETED_DEVICE_FAMILY = "1,2";
				VALIDATE_PRODUCT = YES;
			};
			name = Release;
		};
		013A8FC71E4BC2BF00378638 /* Debug */ = {
			isa = XCBuildConfiguration;
			buildSettings = {
				ASSETCATALOG_COMPILER_APPICON_NAME = AppIcon;
				INFOPLIST_FILE = HideObject/Info.plist;
				LD_RUNPATH_SEARCH_PATHS = "$(inherited) @executable_path/Frameworks";
				PRODUCT_BUNDLE_IDENTIFIER = a.HideObject;
				PRODUCT_NAME = "$(TARGET_NAME)";
			};
			name = Debug;
		};
		013A8FC81E4BC2BF00378638 /* Release */ = {
			isa = XCBuildConfiguration;
			buildSettings = {
				ASSETCATALOG_COMPILER_APPICON_NAME = AppIcon;
				INFOPLIST_FILE = HideObject/Info.plist;
				LD_RUNPATH_SEARCH_PATHS = "$(inherited) @executable_path/Frameworks";
				PRODUCT_BUNDLE_IDENTIFIER = a.HideObject;
				PRODUCT_NAME = "$(TARGET_NAME)";
			};
			name = Release;
		};
		013A8FCA1E4BC2BF00378638 /* Debug */ = {
			isa = XCBuildConfiguration;
			buildSettings = {
				BUNDLE_LOADER = "$(TEST_HOST)";
				INFOPLIST_FILE = HideObjectTests/Info.plist;
				LD_RUNPATH_SEARCH_PATHS = "$(inherited) @executable_path/Frameworks @loader_path/Frameworks";
				PRODUCT_BUNDLE_IDENTIFIER = a.HideObjectTests;
				PRODUCT_NAME = "$(TARGET_NAME)";
				TEST_HOST = "$(BUILT_PRODUCTS_DIR)/HideObject.app/HideObject";
			};
			name = Debug;
		};
		013A8FCB1E4BC2BF00378638 /* Release */ = {
			isa = XCBuildConfiguration;
			buildSettings = {
				BUNDLE_LOADER = "$(TEST_HOST)";
				INFOPLIST_FILE = HideObjectTests/Info.plist;
				LD_RUNPATH_SEARCH_PATHS = "$(inherited) @executable_path/Frameworks @loader_path/Frameworks";
				PRODUCT_BUNDLE_IDENTIFIER = a.HideObjectTests;
				PRODUCT_NAME = "$(TARGET_NAME)";
				TEST_HOST = "$(BUILT_PRODUCTS_DIR)/HideObject.app/HideObject";
			};
			name = Release;
		};
		013A8FCD1E4BC2BF00378638 /* Debug */ = {
			isa = XCBuildConfiguration;
			buildSettings = {
				INFOPLIST_FILE = HideObjectUITests/Info.plist;
				LD_RUNPATH_SEARCH_PATHS = "$(inherited) @executable_path/Frameworks @loader_path/Frameworks";
				PRODUCT_BUNDLE_IDENTIFIER = a.HideObjectUITests;
				PRODUCT_NAME = "$(TARGET_NAME)";
				TEST_TARGET_NAME = HideObject;
			};
			name = Debug;
		};
		013A8FCE1E4BC2BF00378638 /* Release */ = {
			isa = XCBuildConfiguration;
			buildSettings = {
				INFOPLIST_FILE = HideObjectUITests/Info.plist;
				LD_RUNPATH_SEARCH_PATHS = "$(inherited) @executable_path/Frameworks @loader_path/Frameworks";
				PRODUCT_BUNDLE_IDENTIFIER = a.HideObjectUITests;
				PRODUCT_NAME = "$(TARGET_NAME)";
				TEST_TARGET_NAME = HideObject;
			};
			name = Release;
		};
/* End XCBuildConfiguration section */

/* Begin XCConfigurationList section */
		013A8F941E4BC2BE00378638 /* Build configuration list for PBXProject "HideObject" */ = {
			isa = XCConfigurationList;
			buildConfigurations = (
				013A8FC41E4BC2BF00378638 /* Debug */,
				013A8FC51E4BC2BF00378638 /* Release */,
			);
			defaultConfigurationIsVisible = 0;
			defaultConfigurationName = Release;
		};
		013A8FC61E4BC2BF00378638 /* Build configuration list for PBXNativeTarget "HideObject" */ = {
			isa = XCConfigurationList;
			buildConfigurations = (
				013A8FC71E4BC2BF00378638 /* Debug */,
				013A8FC81E4BC2BF00378638 /* Release */,
			);
			defaultConfigurationIsVisible = 0;
		};
		013A8FC91E4BC2BF00378638 /* Build configuration list for PBXNativeTarget "HideObjectTests" */ = {
			isa = XCConfigurationList;
			buildConfigurations = (
				013A8FCA1E4BC2BF00378638 /* Debug */,
				013A8FCB1E4BC2BF00378638 /* Release */,
			);
			defaultConfigurationIsVisible = 0;
		};
		013A8FCC1E4BC2BF00378638 /* Build configuration list for PBXNativeTarget "HideObjectUITests" */ = {
			isa = XCConfigurationList;
			buildConfigurations = (
				013A8FCD1E4BC2BF00378638 /* Debug */,
				013A8FCE1E4BC2BF00378638 /* Release */,
			);
			defaultConfigurationIsVisible = 0;
		};
/* End XCConfigurationList section */
	};
	rootObject = 013A8F911E4BC2BE00378638 /* Project object */;
}
