// !$*UTF8*$!
{
	archiveVersion = 1;
	classes = {
	};
	objectVersion = 46;
	objects = {

/* Begin PBXBuildFile section */
		013F9E151E4EE57000C6ABDD /* main.m in Sources */ = {isa = PBXBuildFile; fileRef = 013F9E141E4EE57000C6ABDD /* main.m */; };
		013F9E181E4EE57000C6ABDD /* AppDelegate.m in Sources */ = {isa = PBXBuildFile; fileRef = 013F9E171E4EE57000C6ABDD /* AppDelegate.m */; };
		013F9E1B1E4EE57000C6ABDD /* ViewController.m in Sources */ = {isa = PBXBuildFile; fileRef = 013F9E1A1E4EE57000C6ABDD /* ViewController.m */; };
		013F9E1E1E4EE57000C6ABDD /* Main.storyboard in Resources */ = {isa = PBXBuildFile; fileRef = 013F9E1C1E4EE57000C6ABDD /* Main.storyboard */; };
		013F9E201E4EE57000C6ABDD /* Assets.xcassets in Resources */ = {isa = PBXBuildFile; fileRef = 013F9E1F1E4EE57000C6ABDD /* Assets.xcassets */; };
		013F9E231E4EE57000C6ABDD /* LaunchScreen.storyboard in Resources */ = {isa = PBXBuildFile; fileRef = 013F9E211E4EE57000C6ABDD /* LaunchScreen.storyboard */; };
		013F9E2E1E4EE57000C6ABDD /* SwitchTests.m in Sources */ = {isa = PBXBuildFile; fileRef = 013F9E2D1E4EE57000C6ABDD /* SwitchTests.m */; };
		013F9E391E4EE57000C6ABDD /* SwitchUITests.m in Sources */ = {isa = PBXBuildFile; fileRef = 013F9E381E4EE57000C6ABDD /* SwitchUITests.m */; };
/* End PBXBuildFile section */

/* Begin PBXContainerItemProxy section */
		013F9E2A1E4EE57000C6ABDD /* PBXContainerItemProxy */ = {
			isa = PBXContainerItemProxy;
			containerPortal = 013F9E081E4EE56F00C6ABDD /* Project object */;
			proxyType = 1;
			remoteGlobalIDString = 013F9E0F1E4EE56F00C6ABDD;
			remoteInfo = Switch;
		};
		013F9E351E4EE57000C6ABDD /* PBXContainerItemProxy */ = {
			isa = PBXContainerItemProxy;
			containerPortal = 013F9E081E4EE56F00C6ABDD /* Project object */;
			proxyType = 1;
			remoteGlobalIDString = 013F9E0F1E4EE56F00C6ABDD;
			remoteInfo = Switch;
		};
/* End PBXContainerItemProxy section */

/* Begin PBXFileReference section */
		013F9E101E4EE57000C6ABDD /* Switch.app */ = {isa = PBXFileReference; explicitFileType = wrapper.application; includeInIndex = 0; path = Switch.app; sourceTree = BUILT_PRODUCTS_DIR; };
		013F9E141E4EE57000C6ABDD /* main.m */ = {isa = PBXFileReference; lastKnownFileType = sourcecode.c.objc; path = main.m; sourceTree = "<group>"; };
		013F9E161E4EE57000C6ABDD /* AppDelegate.h */ = {isa = PBXFileReference; lastKnownFileType = sourcecode.c.h; path = AppDelegate.h; sourceTree = "<group>"; };
		013F9E171E4EE57000C6ABDD /* AppDelegate.m */ = {isa = PBXFileReference; lastKnownFileType = sourcecode.c.objc; path = AppDelegate.m; sourceTree = "<group>"; };
		013F9E191E4EE57000C6ABDD /* ViewController.h */ = {isa = PBXFileReference; lastKnownFileType = sourcecode.c.h; path = ViewController.h; sourceTree = "<group>"; };
		013F9E1A1E4EE57000C6ABDD /* ViewController.m */ = {isa = PBXFileReference; lastKnownFileType = sourcecode.c.objc; path = ViewController.m; sourceTree = "<group>"; };
		013F9E1D1E4EE57000C6ABDD /* Base */ = {isa = PBXFileReference; lastKnownFileType = file.storyboard; name = Base; path = Base.lproj/Main.storyboard; sourceTree = "<group>"; };
		013F9E1F1E4EE57000C6ABDD /* Assets.xcassets */ = {isa = PBXFileReference; lastKnownFileType = folder.assetcatalog; path = Assets.xcassets; sourceTree = "<group>"; };
		013F9E221E4EE57000C6ABDD /* Base */ = {isa = PBXFileReference; lastKnownFileType = file.storyboard; name = Base; path = Base.lproj/LaunchScreen.storyboard; sourceTree = "<group>"; };
		013F9E241E4EE57000C6ABDD /* Info.plist */ = {isa = PBXFileReference; lastKnownFileType = text.plist.xml; path = Info.plist; sourceTree = "<group>"; };
		013F9E291E4EE57000C6ABDD /* SwitchTests.xctest */ = {isa = PBXFileReference; explicitFileType = wrapper.cfbundle; includeInIndex = 0; path = SwitchTests.xctest; sourceTree = BUILT_PRODUCTS_DIR; };
		013F9E2D1E4EE57000C6ABDD /* SwitchTests.m */ = {isa = PBXFileReference; lastKnownFileType = sourcecode.c.objc; path = SwitchTests.m; sourceTree = "<group>"; };
		013F9E2F1E4EE57000C6ABDD /* Info.plist */ = {isa = PBXFileReference; lastKnownFileType = text.plist.xml; path = Info.plist; sourceTree = "<group>"; };
		013F9E341E4EE57000C6ABDD /* SwitchUITests.xctest */ = {isa = PBXFileReference; explicitFileType = wrapper.cfbundle; includeInIndex = 0; path = SwitchUITests.xctest; sourceTree = BUILT_PRODUCTS_DIR; };
		013F9E381E4EE57000C6ABDD /* SwitchUITests.m */ = {isa = PBXFileReference; lastKnownFileType = sourcecode.c.objc; path = SwitchUITests.m; sourceTree = "<group>"; };
		013F9E3A1E4EE57000C6ABDD /* Info.plist */ = {isa = PBXFileReference; lastKnownFileType = text.plist.xml; path = Info.plist; sourceTree = "<group>"; };
/* End PBXFileReference section */

/* Begin PBXFrameworksBuildPhase section */
		013F9E0D1E4EE56F00C6ABDD /* Frameworks */ = {
			isa = PBXFrameworksBuildPhase;
			buildActionMask = 2147483647;
			files = (
			);
			runOnlyForDeploymentPostprocessing = 0;
		};
		013F9E261E4EE57000C6ABDD /* Frameworks */ = {
			isa = PBXFrameworksBuildPhase;
			buildActionMask = 2147483647;
			files = (
			);
			runOnlyForDeploymentPostprocessing = 0;
		};
		013F9E311E4EE57000C6ABDD /* Frameworks */ = {
			isa = PBXFrameworksBuildPhase;
			buildActionMask = 2147483647;
			files = (
			);
			runOnlyForDeploymentPostprocessing = 0;
		};
/* End PBXFrameworksBuildPhase section */

/* Begin PBXGroup section */
		013F9E071E4EE56F00C6ABDD = {
			isa = PBXGroup;
			children = (
				013F9E121E4EE57000C6ABDD /* Switch */,
				013F9E2C1E4EE57000C6ABDD /* SwitchTests */,
				013F9E371E4EE57000C6ABDD /* SwitchUITests */,
				013F9E111E4EE57000C6ABDD /* Products */,
			);
			sourceTree = "<group>";
		};
		013F9E111E4EE57000C6ABDD /* Products */ = {
			isa = PBXGroup;
			children = (
				013F9E101E4EE57000C6ABDD /* Switch.app */,
				013F9E291E4EE57000C6ABDD /* SwitchTests.xctest */,
				013F9E341E4EE57000C6ABDD /* SwitchUITests.xctest */,
			);
			name = Products;
			sourceTree = "<group>";
		};
		013F9E121E4EE57000C6ABDD /* Switch */ = {
			isa = PBXGroup;
			children = (
				013F9E161E4EE57000C6ABDD /* AppDelegate.h */,
				013F9E171E4EE57000C6ABDD /* AppDelegate.m */,
				013F9E191E4EE57000C6ABDD /* ViewController.h */,
				013F9E1A1E4EE57000C6ABDD /* ViewController.m */,
				013F9E1C1E4EE57000C6ABDD /* Main.storyboard */,
				013F9E1F1E4EE57000C6ABDD /* Assets.xcassets */,
				013F9E211E4EE57000C6ABDD /* LaunchScreen.storyboard */,
				013F9E241E4EE57000C6ABDD /* Info.plist */,
				013F9E131E4EE57000C6ABDD /* Supporting Files */,
			);
			path = Switch;
			sourceTree = "<group>";
		};
		013F9E131E4EE57000C6ABDD /* Supporting Files */ = {
			isa = PBXGroup;
			children = (
				013F9E141E4EE57000C6ABDD /* main.m */,
			);
			name = "Supporting Files";
			sourceTree = "<group>";
		};
		013F9E2C1E4EE57000C6ABDD /* SwitchTests */ = {
			isa = PBXGroup;
			children = (
				013F9E2D1E4EE57000C6ABDD /* SwitchTests.m */,
				013F9E2F1E4EE57000C6ABDD /* Info.plist */,
			);
			path = SwitchTests;
			sourceTree = "<group>";
		};
		013F9E371E4EE57000C6ABDD /* SwitchUITests */ = {
			isa = PBXGroup;
			children = (
				013F9E381E4EE57000C6ABDD /* SwitchUITests.m */,
				013F9E3A1E4EE57000C6ABDD /* Info.plist */,
			);
			path = SwitchUITests;
			sourceTree = "<group>";
		};
/* End PBXGroup section */

/* Begin PBXNativeTarget section */
		013F9E0F1E4EE56F00C6ABDD /* Switch */ = {
			isa = PBXNativeTarget;
			buildConfigurationList = 013F9E3D1E4EE57000C6ABDD /* Build configuration list for PBXNativeTarget "Switch" */;
			buildPhases = (
				013F9E0C1E4EE56F00C6ABDD /* Sources */,
				013F9E0D1E4EE56F00C6ABDD /* Frameworks */,
				013F9E0E1E4EE56F00C6ABDD /* Resources */,
			);
			buildRules = (
			);
			dependencies = (
			);
			name = Switch;
			productName = Switch;
			productReference = 013F9E101E4EE57000C6ABDD /* Switch.app */;
			productType = "com.apple.product-type.application";
		};
		013F9E281E4EE57000C6ABDD /* SwitchTests */ = {
			isa = PBXNativeTarget;
			buildConfigurationList = 013F9E401E4EE57000C6ABDD /* Build configuration list for PBXNativeTarget "SwitchTests" */;
			buildPhases = (
				013F9E251E4EE57000C6ABDD /* Sources */,
				013F9E261E4EE57000C6ABDD /* Frameworks */,
				013F9E271E4EE57000C6ABDD /* Resources */,
			);
			buildRules = (
			);
			dependencies = (
				013F9E2B1E4EE57000C6ABDD /* PBXTargetDependency */,
			);
			name = SwitchTests;
			productName = SwitchTests;
			productReference = 013F9E291E4EE57000C6ABDD /* SwitchTests.xctest */;
			productType = "com.apple.product-type.bundle.unit-test";
		};
		013F9E331E4EE57000C6ABDD /* SwitchUITests */ = {
			isa = PBXNativeTarget;
			buildConfigurationList = 013F9E431E4EE57000C6ABDD /* Build configuration list for PBXNativeTarget "SwitchUITests" */;
			buildPhases = (
				013F9E301E4EE57000C6ABDD /* Sources */,
				013F9E311E4EE57000C6ABDD /* Frameworks */,
				013F9E321E4EE57000C6ABDD /* Resources */,
			);
			buildRules = (
			);
			dependencies = (
				013F9E361E4EE57000C6ABDD /* PBXTargetDependency */,
			);
			name = SwitchUITests;
			productName = SwitchUITests;
			productReference = 013F9E341E4EE57000C6ABDD /* SwitchUITests.xctest */;
			productType = "com.apple.product-type.bundle.ui-testing";
		};
/* End PBXNativeTarget section */

/* Begin PBXProject section */
		013F9E081E4EE56F00C6ABDD /* Project object */ = {
			isa = PBXProject;
			attributes = {
				LastUpgradeCheck = 0820;
				ORGANIZATIONNAME = a;
				TargetAttributes = {
					013F9E0F1E4EE56F00C6ABDD = {
						CreatedOnToolsVersion = 8.2.1;
						ProvisioningStyle = Automatic;
					};
					013F9E281E4EE57000C6ABDD = {
						CreatedOnToolsVersion = 8.2.1;
						ProvisioningStyle = Automatic;
						TestTargetID = 013F9E0F1E4EE56F00C6ABDD;
					};
					013F9E331E4EE57000C6ABDD = {
						CreatedOnToolsVersion = 8.2.1;
						ProvisioningStyle = Automatic;
						TestTargetID = 013F9E0F1E4EE56F00C6ABDD;
					};
				};
			};
			buildConfigurationList = 013F9E0B1E4EE56F00C6ABDD /* Build configuration list for PBXProject "Switch" */;
			compatibilityVersion = "Xcode 3.2";
			developmentRegion = English;
			hasScannedForEncodings = 0;
			knownRegions = (
				en,
				Base,
			);
			mainGroup = 013F9E071E4EE56F00C6ABDD;
			productRefGroup = 013F9E111E4EE57000C6ABDD /* Products */;
			projectDirPath = "";
			projectRoot = "";
			targets = (
				013F9E0F1E4EE56F00C6ABDD /* Switch */,
				013F9E281E4EE57000C6ABDD /* SwitchTests */,
				013F9E331E4EE57000C6ABDD /* SwitchUITests */,
			);
		};
/* End PBXProject section */

/* Begin PBXResourcesBuildPhase section */
		013F9E0E1E4EE56F00C6ABDD /* Resources */ = {
			isa = PBXResourcesBuildPhase;
			buildActionMask = 2147483647;
			files = (
				013F9E231E4EE57000C6ABDD /* LaunchScreen.storyboard in Resources */,
				013F9E201E4EE57000C6ABDD /* Assets.xcassets in Resources */,
				013F9E1E1E4EE57000C6ABDD /* Main.storyboard in Resources */,
			);
			runOnlyForDeploymentPostprocessing = 0;
		};
		013F9E271E4EE57000C6ABDD /* Resources */ = {
			isa = PBXResourcesBuildPhase;
			buildActionMask = 2147483647;
			files = (
			);
			runOnlyForDeploymentPostprocessing = 0;
		};
		013F9E321E4EE57000C6ABDD /* Resources */ = {
			isa = PBXResourcesBuildPhase;
			buildActionMask = 2147483647;
			files = (
			);
			runOnlyForDeploymentPostprocessing = 0;
		};
/* End PBXResourcesBuildPhase section */

/* Begin PBXSourcesBuildPhase section */
		013F9E0C1E4EE56F00C6ABDD /* Sources */ = {
			isa = PBXSourcesBuildPhase;
			buildActionMask = 2147483647;
			files = (
				013F9E1B1E4EE57000C6ABDD /* ViewController.m in Sources */,
				013F9E181E4EE57000C6ABDD /* AppDelegate.m in Sources */,
				013F9E151E4EE57000C6ABDD /* main.m in Sources */,
			);
			runOnlyForDeploymentPostprocessing = 0;
		};
		013F9E251E4EE57000C6ABDD /* Sources */ = {
			isa = PBXSourcesBuildPhase;
			buildActionMask = 2147483647;
			files = (
				013F9E2E1E4EE57000C6ABDD /* SwitchTests.m in Sources */,
			);
			runOnlyForDeploymentPostprocessing = 0;
		};
		013F9E301E4EE57000C6ABDD /* Sources */ = {
			isa = PBXSourcesBuildPhase;
			buildActionMask = 2147483647;
			files = (
				013F9E391E4EE57000C6ABDD /* SwitchUITests.m in Sources */,
			);
			runOnlyForDeploymentPostprocessing = 0;
		};
/* End PBXSourcesBuildPhase section */

/* Begin PBXTargetDependency section */
		013F9E2B1E4EE57000C6ABDD /* PBXTargetDependency */ = {
			isa = PBXTargetDependency;
			target = 013F9E0F1E4EE56F00C6ABDD /* Switch */;
			targetProxy = 013F9E2A1E4EE57000C6ABDD /* PBXContainerItemProxy */;
		};
		013F9E361E4EE57000C6ABDD /* PBXTargetDependency */ = {
			isa = PBXTargetDependency;
			target = 013F9E0F1E4EE56F00C6ABDD /* Switch */;
			targetProxy = 013F9E351E4EE57000C6ABDD /* PBXContainerItemProxy */;
		};
/* End PBXTargetDependency section */

/* Begin PBXVariantGroup section */
		013F9E1C1E4EE57000C6ABDD /* Main.storyboard */ = {
			isa = PBXVariantGroup;
			children = (
				013F9E1D1E4EE57000C6ABDD /* Base */,
			);
			name = Main.storyboard;
			sourceTree = "<group>";
		};
		013F9E211E4EE57000C6ABDD /* LaunchScreen.storyboard */ = {
			isa = PBXVariantGroup;
			children = (
				013F9E221E4EE57000C6ABDD /* Base */,
			);
			name = LaunchScreen.storyboard;
			sourceTree = "<group>";
		};
/* End PBXVariantGroup section */

/* Begin XCBuildConfiguration section */
		013F9E3B1E4EE57000C6ABDD /* Debug */ = {
			isa = XCBuildConfiguration;
			buildSettings = {
				ALWAYS_SEARCH_USER_PATHS = NO;
				CLANG_ANALYZER_NONNULL = YES;
				CLANG_CXX_LANGUAGE_STANDARD = "gnu++0x";
				CLANG_CXX_LIBRARY = "libc++";
				CLANG_ENABLE_MODULES = YES;
				CLANG_ENABLE_OBJC_ARC = YES;
				CLANG_WARN_BOOL_CONVERSION = YES;
				CLANG_WARN_CONSTANT_CONVERSION = YES;
				CLANG_WARN_DIRECT_OBJC_ISA_USAGE = YES_ERROR;
				CLANG_WARN_DOCUMENTATION_COMMENTS = YES;
				CLANG_WARN_EMPTY_BODY = YES;
				CLANG_WARN_ENUM_CONVERSION = YES;
				CLANG_WARN_INFINITE_RECURSION = YES;
				CLANG_WARN_INT_CONVERSION = YES;
				CLANG_WARN_OBJC_ROOT_CLASS = YES_ERROR;
				CLANG_WARN_SUSPICIOUS_MOVE = YES;
				CLANG_WARN_UNREACHABLE_CODE = YES;
				CLANG_WARN__DUPLICATE_METHOD_MATCH = YES;
				"CODE_SIGN_IDENTITY[sdk=iphoneos*]" = "iPhone Developer";
				COPY_PHASE_STRIP = NO;
				DEBUG_INFORMATION_FORMAT = dwarf;
				ENABLE_STRICT_OBJC_MSGSEND = YES;
				ENABLE_TESTABILITY = YES;
				GCC_C_LANGUAGE_STANDARD = gnu99;
				GCC_DYNAMIC_NO_PIC = NO;
				GCC_NO_COMMON_BLOCKS = YES;
				GCC_OPTIMIZATION_LEVEL = 0;
				GCC_PREPROCESSOR_DEFINITIONS = (
					"DEBUG=1",
					"$(inherited)",
				);
				GCC_WARN_64_TO_32_BIT_CONVERSION = YES;
				GCC_WARN_ABOUT_RETURN_TYPE = YES_ERROR;
				GCC_WARN_UNDECLARED_SELECTOR = YES;
				GCC_WARN_UNINITIALIZED_AUTOS = YES_AGGRESSIVE;
				GCC_WARN_UNUSED_FUNCTION = YES;
				GCC_WARN_UNUSED_VARIABLE = YES;
				IPHONEOS_DEPLOYMENT_TARGET = 10.2;
				MTL_ENABLE_DEBUG_INFO = YES;
				ONLY_ACTIVE_ARCH = YES;
				SDKROOT = iphoneos;
				TARGETED_DEVICE_FAMILY = "1,2";
			};
			name = Debug;
		};
		013F9E3C1E4EE57000C6ABDD /* Release */ = {
			isa = XCBuildConfiguration;
			buildSettings = {
				ALWAYS_SEARCH_USER_PATHS = NO;
				CLANG_ANALYZER_NONNULL = YES;
				CLANG_CXX_LANGUAGE_STANDARD = "gnu++0x";
				CLANG_CXX_LIBRARY = "libc++";
				CLANG_ENABLE_MODULES = YES;
				CLANG_ENABLE_OBJC_ARC = YES;
				CLANG_WARN_BOOL_CONVERSION = YES;
				CLANG_WARN_CONSTANT_CONVERSION = YES;
				CLANG_WARN_DIRECT_OBJC_ISA_USAGE = YES_ERROR;
				CLANG_WARN_DOCUMENTATION_COMMENTS = YES;
				CLANG_WARN_EMPTY_BODY = YES;
				CLANG_WARN_ENUM_CONVERSION = YES;
				CLANG_WARN_INFINITE_RECURSION = YES;
				CLANG_WARN_INT_CONVERSION = YES;
				CLANG_WARN_OBJC_ROOT_CLASS = YES_ERROR;
				CLANG_WARN_SUSPICIOUS_MOVE = YES;
				CLANG_WARN_UNREACHABLE_CODE = YES;
				CLANG_WARN__DUPLICATE_METHOD_MATCH = YES;
				"CODE_SIGN_IDENTITY[sdk=iphoneos*]" = "iPhone Developer";
				COPY_PHASE_STRIP = NO;
				DEBUG_INFORMATION_FORMAT = "dwarf-with-dsym";
				ENABLE_NS_ASSERTIONS = NO;
				ENABLE_STRICT_OBJC_MSGSEND = YES;
				GCC_C_LANGUAGE_STANDARD = gnu99;
				GCC_NO_COMMON_BLOCKS = YES;
				GCC_WARN_64_TO_32_BIT_CONVERSION = YES;
				GCC_WARN_ABOUT_RETURN_TYPE = YES_ERROR;
				GCC_WARN_UNDECLARED_SELECTOR = YES;
				GCC_WARN_UNINITIALIZED_AUTOS = YES_AGGRESSIVE;
				GCC_WARN_UNUSED_FUNCTION = YES;
				GCC_WARN_UNUSED_VARIABLE = YES;
				IPHONEOS_DEPLOYMENT_TARGET = 10.2;
				MTL_ENABLE_DEBUG_INFO = NO;
				SDKROOT = iphoneos;
				TARGETED_DEVICE_FAMILY = "1,2";
				VALIDATE_PRODUCT = YES;
			};
			name = Release;
		};
		013F9E3E1E4EE57000C6ABDD /* Debug */ = {
			isa = XCBuildConfiguration;
			buildSettings = {
				ASSETCATALOG_COMPILER_APPICON_NAME = AppIcon;
				INFOPLIST_FILE = Switch/Info.plist;
				LD_RUNPATH_SEARCH_PATHS = "$(inherited) @executable_path/Frameworks";
				PRODUCT_BUNDLE_IDENTIFIER = a.Switch;
				PRODUCT_NAME = "$(TARGET_NAME)";
			};
			name = Debug;
		};
		013F9E3F1E4EE57000C6ABDD /* Release */ = {
			isa = XCBuildConfiguration;
			buildSettings = {
				ASSETCATALOG_COMPILER_APPICON_NAME = AppIcon;
				INFOPLIST_FILE = Switch/Info.plist;
				LD_RUNPATH_SEARCH_PATHS = "$(inherited) @executable_path/Frameworks";
				PRODUCT_BUNDLE_IDENTIFIER = a.Switch;
				PRODUCT_NAME = "$(TARGET_NAME)";
			};
			name = Release;
		};
		013F9E411E4EE57000C6ABDD /* Debug */ = {
			isa = XCBuildConfiguration;
			buildSettings = {
				BUNDLE_LOADER = "$(TEST_HOST)";
				INFOPLIST_FILE = SwitchTests/Info.plist;
				LD_RUNPATH_SEARCH_PATHS = "$(inherited) @executable_path/Frameworks @loader_path/Frameworks";
				PRODUCT_BUNDLE_IDENTIFIER = a.SwitchTests;
				PRODUCT_NAME = "$(TARGET_NAME)";
				TEST_HOST = "$(BUILT_PRODUCTS_DIR)/Switch.app/Switch";
			};
			name = Debug;
		};
		013F9E421E4EE57000C6ABDD /* Release */ = {
			isa = XCBuildConfiguration;
			buildSettings = {
				BUNDLE_LOADER = "$(TEST_HOST)";
				INFOPLIST_FILE = SwitchTests/Info.plist;
				LD_RUNPATH_SEARCH_PATHS = "$(inherited) @executable_path/Frameworks @loader_path/Frameworks";
				PRODUCT_BUNDLE_IDENTIFIER = a.SwitchTests;
				PRODUCT_NAME = "$(TARGET_NAME)";
				TEST_HOST = "$(BUILT_PRODUCTS_DIR)/Switch.app/Switch";
			};
			name = Release;
		};
		013F9E441E4EE57000C6ABDD /* Debug */ = {
			isa = XCBuildConfiguration;
			buildSettings = {
				INFOPLIST_FILE = SwitchUITests/Info.plist;
				LD_RUNPATH_SEARCH_PATHS = "$(inherited) @executable_path/Frameworks @loader_path/Frameworks";
				PRODUCT_BUNDLE_IDENTIFIER = a.SwitchUITests;
				PRODUCT_NAME = "$(TARGET_NAME)";
				TEST_TARGET_NAME = Switch;
			};
			name = Debug;
		};
		013F9E451E4EE57000C6ABDD /* Release */ = {
			isa = XCBuildConfiguration;
			buildSettings = {
				INFOPLIST_FILE = SwitchUITests/Info.plist;
				LD_RUNPATH_SEARCH_PATHS = "$(inherited) @executable_path/Frameworks @loader_path/Frameworks";
				PRODUCT_BUNDLE_IDENTIFIER = a.SwitchUITests;
				PRODUCT_NAME = "$(TARGET_NAME)";
				TEST_TARGET_NAME = Switch;
			};
			name = Release;
		};
/* End XCBuildConfiguration section */

/* Begin XCConfigurationList section */
		013F9E0B1E4EE56F00C6ABDD /* Build configuration list for PBXProject "Switch" */ = {
			isa = XCConfigurationList;
			buildConfigurations = (
				013F9E3B1E4EE57000C6ABDD /* Debug */,
				013F9E3C1E4EE57000C6ABDD /* Release */,
			);
			defaultConfigurationIsVisible = 0;
			defaultConfigurationName = Release;
		};
		013F9E3D1E4EE57000C6ABDD /* Build configuration list for PBXNativeTarget "Switch" */ = {
			isa = XCConfigurationList;
			buildConfigurations = (
				013F9E3E1E4EE57000C6ABDD /* Debug */,
				013F9E3F1E4EE57000C6ABDD /* Release */,
			);
			defaultConfigurationIsVisible = 0;
		};
		013F9E401E4EE57000C6ABDD /* Build configuration list for PBXNativeTarget "SwitchTests" */ = {
			isa = XCConfigurationList;
			buildConfigurations = (
				013F9E411E4EE57000C6ABDD /* Debug */,
				013F9E421E4EE57000C6ABDD /* Release */,
			);
			defaultConfigurationIsVisible = 0;
		};
		013F9E431E4EE57000C6ABDD /* Build configuration list for PBXNativeTarget "SwitchUITests" */ = {
			isa = XCConfigurationList;
			buildConfigurations = (
				013F9E441E4EE57000C6ABDD /* Debug */,
				013F9E451E4EE57000C6ABDD /* Release */,
			);
			defaultConfigurationIsVisible = 0;
		};
/* End XCConfigurationList section */
	};
	rootObject = 013F9E081E4EE56F00C6ABDD /* Project object */;
}
